{
  "name": "restyts",
  "version": "1.0.14",
  "lockfileVersion": 1,
  "requires": true,
  "dependencies": {
    "@types/busboy": {
      "version": "0.2.3",
      "resolved": "https://registry.npmjs.org/@types/busboy/-/busboy-0.2.3.tgz",
      "integrity": "sha1-ZpetKYcyRsUw8Jo/9aQIYYJCMNU=",
      "dev": true,
      "requires": {
        "@types/node": "*"
      }
    },
    "@types/node": {
      "version": "14.0.21",
      "resolved": "https://registry.npmjs.org/@types/node/-/node-14.0.21.tgz",
      "integrity": "sha512-kmfWRnh81BrOfQ2Bn3xXCkoB6PLNsJlHhliYvkPa5UL6nmMHkANm358zVpO7TW6CDe9i267pkS/Id65OKL8+Ug==",
      "dev": true
    },
    "busboy": {
      "version": "0.3.1",
      "resolved": "https://registry.npmjs.org/busboy/-/busboy-0.3.1.tgz",
      "integrity": "sha512-y7tTxhGKXcyBxRKAni+awqx8uqaJKrSFSNFSeRG5CsWNdmy2BIK+6VGWEW7TZnIO/533mtMEA4rOevQV815YJw==",
      "requires": {
        "dicer": "0.3.0"
      }
    },
    "dicer": {
      "version": "0.3.0",
      "resolved": "https://registry.npmjs.org/dicer/-/dicer-0.3.0.tgz",
      "integrity": "sha512-MdceRRWqltEG2dZqO769g27N/3PXfcKl04VhYnBlo2YhH7zPi88VebsjTKclaOyiuMaGU72hTfw3VkUitGcVCA==",
      "requires": {
        "streamsearch": "0.1.2"
      }
    },
    "streamsearch": {
      "version": "0.1.2",
      "resolved": "https://registry.npmjs.org/streamsearch/-/streamsearch-0.1.2.tgz",
      "integrity": "sha1-gIudDlb8Jz2Am6VzOOkpkZoanxo="
    }
  }
}
